
Microsoft Visual Studio Solution File, Format Version 12.00
# Visual Studio Version 16
VisualStudioVersion = 16.0.30804.86
MinimumVisualStudioVersion = 10.0.40219.1
Project("{9A19103F-16F7-4668-BE54-9A1E7A4F7556}") = "ToDoApp", "ToDoApp\ToDoApp.csproj", "{0549D97C-9C42-44F0-AA4E-67DDF722742C}"
EndProject
Project("{9A19103F-16F7-4668-BE54-9A1E7A4F7556}") = "ToDo.Core", "ToDo.Core\ToDo.Core.csproj", "{1020CFD9-44E9-4034-92E9-FC37BFE9306F}"
EndProject
Project("{9A19103F-16F7-4668-BE54-9A1E7A4F7556}") = "ToDoApp.Module.PersonModule", "ToDoApp.Module.Person\ToDoApp.Module.PersonModule.csproj", "{F2E21993-010F-4577-B4E7-B9A93A84C3E5}"
EndProject
Project("{9A19103F-16F7-4668-BE54-9A1E7A4F7556}") = "ToDo.Service", "ToDo.Service\ToDo.Service.csproj", "{2FDAB4BC-804E-414D-B58A-2531E39E88D0}"
EndProject
Global
	GlobalSection(SolutionConfigurationPlatforms) = preSolution
		Debug|Any CPU = Debug|Any CPU
		Release|Any CPU = Release|Any CPU
	EndGlobalSection
	GlobalSection(ProjectConfigurationPlatforms) = postSolution
		{0549D97C-9C42-44F0-AA4E-67DDF722742C}.Debug|Any CPU.ActiveCfg = Debug|Any CPU
		{0549D97C-9C42-44F0-AA4E-67DDF722742C}.Debug|Any CPU.Build.0 = Debug|Any CPU
		{0549D97C-9C42-44F0-AA4E-67DDF722742C}.Release|Any CPU.ActiveCfg = Release|Any CPU
		{0549D97C-9C42-44F0-AA4E-67DDF722742C}.Release|Any CPU.Build.0 = Release|Any CPU
		{1020CFD9-44E9-4034-92E9-FC37BFE9306F}.Debug|Any CPU.ActiveCfg = Debug|Any CPU
		{1020CFD9-44E9-4034-92E9-FC37BFE9306F}.Debug|Any CPU.Build.0 = Debug|Any CPU
		{1020CFD9-44E9-4034-92E9-FC37BFE9306F}.Release|Any CPU.ActiveCfg = Release|Any CPU
		{1020CFD9-44E9-4034-92E9-FC37BFE9306F}.Release|Any CPU.Build.0 = Release|Any CPU
		{F2E21993-010F-4577-B4E7-B9A93A84C3E5}.Debug|Any CPU.ActiveCfg = Debug|Any CPU
		{F2E21993-010F-4577-B4E7-B9A93A84C3E5}.Debug|Any CPU.Build.0 = Debug|Any CPU
		{F2E21993-010F-4577-B4E7-B9A93A84C3E5}.Release|Any CPU.ActiveCfg = Release|Any CPU
		{F2E21993-010F-4577-B4E7-B9A93A84C3E5}.Release|Any CPU.Build.0 = Release|Any CPU
		{2FDAB4BC-804E-414D-B58A-2531E39E88D0}.Debug|Any CPU.ActiveCfg = Debug|Any CPU
		{2FDAB4BC-804E-414D-B58A-2531E39E88D0}.Debug|Any CPU.Build.0 = Debug|Any CPU
		{2FDAB4BC-804E-414D-B58A-2531E39E88D0}.Release|Any CPU.ActiveCfg = Release|Any CPU
		{2FDAB4BC-804E-414D-B58A-2531E39E88D0}.Release|Any CPU.Build.0 = Release|Any CPU
	EndGlobalSection
	GlobalSection(SolutionProperties) = preSolution
		HideSolutionNode = FALSE
	EndGlobalSection
	GlobalSection(ExtensibilityGlobals) = postSolution
		SolutionGuid = {46371FDD-C740-44B7-B66C-3CD0EB3BBE7F}
	EndGlobalSection
EndGlobal
